
Microsoft Visual Studio Solution File, Format Version 12.00
# Visual Studio Version 17
VisualStudioVersion = 17.0.31903.59
MinimumVisualStudioVersion = 10.0.40219.1
Project("{FAE04EC0-301F-11D3-BF4B-00C04F79EFBC}") = "PrimeService", "PrimeService\PrimeService.csproj", "{6D9AB851-B4FD-498F-8E47-C9D773FC4B65}"
EndProject
Project("{FAE04EC0-301F-11D3-BF4B-00C04F79EFBC}") = "PrimeService.Tests", "PrimeService.Tests\PrimeService.Tests.csproj", "{C11234BB-6DD3-4185-BFA7-C0AC8A60C509}"
EndProject
Global
	GlobalSection(SolutionConfigurationPlatforms) = preSolution
		Debug|Any CPU = Debug|Any CPU
		Release|Any CPU = Release|Any CPU
	EndGlobalSection
	GlobalSection(SolutionProperties) = preSolution
		HideSolutionNode = FALSE
	EndGlobalSection
	GlobalSection(ProjectConfigurationPlatforms) = postSolution
		{6D9AB851-B4FD-498F-8E47-C9D773FC4B65}.Debug|Any CPU.ActiveCfg = Debug|Any CPU
		{6D9AB851-B4FD-498F-8E47-C9D773FC4B65}.Debug|Any CPU.Build.0 = Debug|Any CPU
		{6D9AB851-B4FD-498F-8E47-C9D773FC4B65}.Release|Any CPU.ActiveCfg = Release|Any CPU
		{6D9AB851-B4FD-498F-8E47-C9D773FC4B65}.Release|Any CPU.Build.0 = Release|Any CPU
		{C11234BB-6DD3-4185-BFA7-C0AC8A60C509}.Debug|Any CPU.ActiveCfg = Debug|Any CPU
		{C11234BB-6DD3-4185-BFA7-C0AC8A60C509}.Debug|Any CPU.Build.0 = Debug|Any CPU
		{C11234BB-6DD3-4185-BFA7-C0AC8A60C509}.Release|Any CPU.ActiveCfg = Release|Any CPU
		{C11234BB-6DD3-4185-BFA7-C0AC8A60C509}.Release|Any CPU.Build.0 = Release|Any CPU
	EndGlobalSection
EndGlobal
